// !$*UTF8*$!
{
	archiveVersion = 1;
	classes = {
	};
	objectVersion = 50;
	objects = {

/* Begin PBXBuildFile section */
		F28DF28225725566009CA004 /* ChinaLandmarkApp.swift in Sources */ = {isa = PBXBuildFile; fileRef = F28DF28125725566009CA004 /* ChinaLandmarkApp.swift */; };
		F28DF28425725566009CA004 /* LandmarkDetail.swift in Sources */ = {isa = PBXBuildFile; fileRef = F28DF28325725566009CA004 /* LandmarkDetail.swift */; };
		F28DF28625725568009CA004 /* Assets.xcassets in Resources */ = {isa = PBXBuildFile; fileRef = F28DF28525725568009CA004 /* Assets.xcassets */; };
		F28DF28925725568009CA004 /* Preview Assets.xcassets in Resources */ = {isa = PBXBuildFile; fileRef = F28DF28825725568009CA004 /* Preview Assets.xcassets */; };
		F2A8B1DF2573482900702514 /* UserData.swift in Sources */ = {isa = PBXBuildFile; fileRef = F2A8B1DE2573482900702514 /* UserData.swift */; };
		F2C3660A25726BD700FCBEB8 /* MapView.swift in Sources */ = {isa = PBXBuildFile; fileRef = F2C3660925726BD700FCBEB8 /* MapView.swift */; };
		F2C366142572786E00FCBEB8 /* Landmark.swift in Sources */ = {isa = PBXBuildFile; fileRef = F2C366132572786E00FCBEB8 /* Landmark.swift */; };
		F2C3661925727B1100FCBEB8 /* LandmarkListView.swift in Sources */ = {isa = PBXBuildFile; fileRef = F2C3661825727B1100FCBEB8 /* LandmarkListView.swift */; };
		F2C3661D25727BC000FCBEB8 /* LandmarkCell.swift in Sources */ = {isa = PBXBuildFile; fileRef = F2C3661C25727BC000FCBEB8 /* LandmarkCell.swift */; };
/* End PBXBuildFile section */

/* Begin PBXFileReference section */
		F28DF27E25725566009CA004 /* ChinaLandmark.app */ = {isa = PBXFileReference; explicitFileType = wrapper.application; includeInIndex = 0; path = ChinaLandmark.app; sourceTree = BUILT_PRODUCTS_DIR; };
		F28DF28125725566009CA004 /* ChinaLandmarkApp.swift */ = {isa = PBXFileReference; lastKnownFileType = sourcecode.swift; path = ChinaLandmarkApp.swift; sourceTree = "<group>"; };
		F28DF28325725566009CA004 /* LandmarkDetail.swift */ = {isa = PBXFileReference; lastKnownFileType = sourcecode.swift; path = LandmarkDetail.swift; sourceTree = "<group>"; };
		F28DF28525725568009CA004 /* Assets.xcassets */ = {isa = PBXFileReference; lastKnownFileType = folder.assetcatalog; path = Assets.xcassets; sourceTree = "<group>"; };
		F28DF28825725568009CA004 /* Preview Assets.xcassets */ = {isa = PBXFileReference; lastKnownFileType = folder.assetcatalog; path = "Preview Assets.xcassets"; sourceTree = "<group>"; };
		F28DF28A25725568009CA004 /* Info.plist */ = {isa = PBXFileReference; lastKnownFileType = text.plist.xml; path = Info.plist; sourceTree = "<group>"; };
		F2A8B1DE2573482900702514 /* UserData.swift */ = {isa = PBXFileReference; lastKnownFileType = sourcecode.swift; path = UserData.swift; sourceTree = "<group>"; };
		F2A8B1E125734BC400702514 /* MyPlayground.playground */ = {isa = PBXFileReference; lastKnownFileType = file.playground; path = MyPlayground.playground; sourceTree = "<group>"; xcLanguageSpecificationIdentifier = xcode.lang.swift; };
		F2C3660925726BD700FCBEB8 /* MapView.swift */ = {isa = PBXFileReference; lastKnownFileType = sourcecode.swift; path = MapView.swift; sourceTree = "<group>"; };
		F2C366132572786E00FCBEB8 /* Landmark.swift */ = {isa = PBXFileReference; lastKnownFileType = sourcecode.swift; path = Landmark.swift; sourceTree = "<group>"; };
		F2C3661825727B1100FCBEB8 /* LandmarkListView.swift */ = {isa = PBXFileReference; lastKnownFileType = sourcecode.swift; path = LandmarkListView.swift; sourceTree = "<group>"; };
		F2C3661C25727BC000FCBEB8 /* LandmarkCell.swift */ = {isa = PBXFileReference; lastKnownFileType = sourcecode.swift; path = LandmarkCell.swift; sourceTree = "<group>"; };
/* End PBXFileReference section */

/* Begin PBXFrameworksBuildPhase section */
		F28DF27B25725566009CA004 /* Frameworks */ = {
			isa = PBXFrameworksBuildPhase;
			buildActionMask = 2147483647;
			files = (
			);
			runOnlyForDeploymentPostprocessing = 0;
		};
/* End PBXFrameworksBuildPhase section */

/* Begin PBXGroup section */
		F211313E25736C06003654AA /* Resources */ = {
			isa = PBXGroup;
			children = (
			);
			path = Resources;
			sourceTree = "<group>";
		};
		F211313F25736C19003654AA /* Soupporting Views */ = {
			isa = PBXGroup;
			children = (
			);
			path = "Soupporting Views";
			sourceTree = "<group>";
		};
		F28DF27525725566009CA004 = {
			isa = PBXGroup;
			children = (
				F2A8B1E125734BC400702514 /* MyPlayground.playground */,
				F28DF28025725566009CA004 /* ChinaLandmark */,
				F28DF27F25725566009CA004 /* Products */,
			);
			sourceTree = "<group>";
		};
		F28DF27F25725566009CA004 /* Products */ = {
			isa = PBXGroup;
			children = (
				F28DF27E25725566009CA004 /* ChinaLandmark.app */,
			);
			name = Products;
			sourceTree = "<group>";
		};
		F28DF28025725566009CA004 /* ChinaLandmark */ = {
			isa = PBXGroup;
			children = (
				F211313F25736C19003654AA /* Soupporting Views */,
				F211313E25736C06003654AA /* Resources */,
				F28DF28125725566009CA004 /* ChinaLandmarkApp.swift */,
				F28DF28325725566009CA004 /* LandmarkDetail.swift */,
				F2C3661C25727BC000FCBEB8 /* LandmarkCell.swift */,
				F2C3661825727B1100FCBEB8 /* LandmarkListView.swift */,
				F2C3660C257277ED00FCBEB8 /* UIViews */,
				F28DF28525725568009CA004 /* Assets.xcassets */,
				F28DF28A25725568009CA004 /* Info.plist */,
				F28DF28725725568009CA004 /* Preview Content */,
				F2C366162572787300FCBEB8 /* Models */,
			);
			path = ChinaLandmark;
			sourceTree = "<group>";
		};
		F28DF28725725568009CA004 /* Preview Content */ = {
			isa = PBXGroup;
			children = (
				F28DF28825725568009CA004 /* Preview Assets.xcassets */,
			);
			path = "Preview Content";
			sourceTree = "<group>";
		};
		F2C3660C257277ED00FCBEB8 /* UIViews */ = {
			isa = PBXGroup;
			children = (
				F2C3660925726BD700FCBEB8 /* MapView.swift */,
			);
			path = UIViews;
			sourceTree = "<group>";
		};
		F2C366162572787300FCBEB8 /* Models */ = {
			isa = PBXGroup;
			children = (
				F2C366132572786E00FCBEB8 /* Landmark.swift */,
				F2A8B1DE2573482900702514 /* UserData.swift */,
			);
			path = Models;
			sourceTree = "<group>";
		};
/* End PBXGroup section */

/* Begin PBXNativeTarget section */
		F28DF27D25725566009CA004 /* ChinaLandmark */ = {
			isa = PBXNativeTarget;
			buildConfigurationList = F28DF28D25725568009CA004 /* Build configuration list for PBXNativeTarget "ChinaLandmark" */;
			buildPhases = (
				F28DF27A25725566009CA004 /* Sources */,
				F28DF27B25725566009CA004 /* Frameworks */,
				F28DF27C25725566009CA004 /* Resources */,
			);
			buildRules = (
			);
			dependencies = (
			);
			name = ChinaLandmark;
			productName = ChinaLandmark;
			productReference = F28DF27E25725566009CA004 /* ChinaLandmark.app */;
			productType = "com.apple.product-type.application";
		};
/* End PBXNativeTarget section */

/* Begin PBXProject section */
		F28DF27625725566009CA004 /* Project object */ = {
			isa = PBXProject;
			attributes = {
				LastSwiftUpdateCheck = 1220;
				LastUpgradeCheck = 1220;
				TargetAttributes = {
					F28DF27D25725566009CA004 = {
						CreatedOnToolsVersion = 12.2;
					};
				};
			};
			buildConfigurationList = F28DF27925725566009CA004 /* Build configuration list for PBXProject "ChinaLandmark" */;
			compatibilityVersion = "Xcode 9.3";
			developmentRegion = en;
			hasScannedForEncodings = 0;
			knownRegions = (
				en,
				Base,
			);
			mainGroup = F28DF27525725566009CA004;
			productRefGroup = F28DF27F25725566009CA004 /* Products */;
			projectDirPath = "";
			projectRoot = "";
			targets = (
				F28DF27D25725566009CA004 /* ChinaLandmark */,
			);
		};
/* End PBXProject section */

/* Begin PBXResourcesBuildPhase section */
		F28DF27C25725566009CA004 /* Resources */ = {
			isa = PBXResourcesBuildPhase;
			buildActionMask = 2147483647;
			files = (
				F28DF28925725568009CA004 /* Preview Assets.xcassets in Resources */,
				F28DF28625725568009CA004 /* Assets.xcassets in Resources */,
			);
			runOnlyForDeploymentPostprocessing = 0;
		};
/* End PBXResourcesBuildPhase section */

/* Begin PBXSourcesBuildPhase section */
		F28DF27A25725566009CA004 /* Sources */ = {
			isa = PBXSourcesBuildPhase;
			buildActionMask = 2147483647;
			files = (
				F28DF28425725566009CA004 /* LandmarkDetail.swift in Sources */,
				F2C3661D25727BC000FCBEB8 /* LandmarkCell.swift in Sources */,
				F2A8B1DF2573482900702514 /* UserData.swift in Sources */,
				F2C3660A25726BD700FCBEB8 /* MapView.swift in Sources */,
				F2C3661925727B1100FCBEB8 /* LandmarkListView.swift in Sources */,
				F28DF28225725566009CA004 /* ChinaLandmarkApp.swift in Sources */,
				F2C366142572786E00FCBEB8 /* Landmark.swift in Sources */,
			);
			runOnlyForDeploymentPostprocessing = 0;
		};
/* End PBXSourcesBuildPhase section */

/* Begin XCBuildConfiguration section */
		F28DF28B25725568009CA004 /* Debug */ = {
			isa = XCBuildConfiguration;
			buildSettings = {
				ALWAYS_SEARCH_USER_PATHS = NO;
				CLANG_ANALYZER_NONNULL = YES;
				CLANG_ANALYZER_NUMBER_OBJECT_CONVERSION = YES_AGGRESSIVE;
				CLANG_CXX_LANGUAGE_STANDARD = "gnu++14";
				CLANG_CXX_LIBRARY = "libc++";
				CLANG_ENABLE_MODULES = YES;
				CLANG_ENABLE_OBJC_ARC = YES;
				CLANG_ENABLE_OBJC_WEAK = YES;
				CLANG_WARN_BLOCK_CAPTURE_AUTORELEASING = YES;
				CLANG_WARN_BOOL_CONVERSION = YES;
				CLANG_WARN_COMMA = YES;
				CLANG_WARN_CONSTANT_CONVERSION = YES;
				CLANG_WARN_DEPRECATED_OBJC_IMPLEMENTATIONS = YES;
				CLANG_WARN_DIRECT_OBJC_ISA_USAGE = YES_ERROR;
				CLANG_WARN_DOCUMENTATION_COMMENTS = YES;
				CLANG_WARN_EMPTY_BODY = YES;
				CLANG_WARN_ENUM_CONVERSION = YES;
				CLANG_WARN_INFINITE_RECURSION = YES;
				CLANG_WARN_INT_CONVERSION = YES;
				CLANG_WARN_NON_LITERAL_NULL_CONVERSION = YES;
				CLANG_WARN_OBJC_IMPLICIT_RETAIN_SELF = YES;
				CLANG_WARN_OBJC_LITERAL_CONVERSION = YES;
				CLANG_WARN_OBJC_ROOT_CLASS = YES_ERROR;
				CLANG_WARN_QUOTED_INCLUDE_IN_FRAMEWORK_HEADER = YES;
				CLANG_WARN_RANGE_LOOP_ANALYSIS = YES;
				CLANG_WARN_STRICT_PROTOTYPES = YES;
				CLANG_WARN_SUSPICIOUS_MOVE = YES;
				CLANG_WARN_UNGUARDED_AVAILABILITY = YES_AGGRESSIVE;
				CLANG_WARN_UNREACHABLE_CODE = YES;
				CLANG_WARN__DUPLICATE_METHOD_MATCH = YES;
				COPY_PHASE_STRIP = NO;
				DEBUG_INFORMATION_FORMAT = dwarf;
				ENABLE_STRICT_OBJC_MSGSEND = YES;
				ENABLE_TESTABILITY = YES;
				GCC_C_LANGUAGE_STANDARD = gnu11;
				GCC_DYNAMIC_NO_PIC = NO;
				GCC_NO_COMMON_BLOCKS = YES;
				GCC_OPTIMIZATION_LEVEL = 0;
				GCC_PREPROCESSOR_DEFINITIONS = (
					"DEBUG=1",
					"$(inherited)",
				);
				GCC_WARN_64_TO_32_BIT_CONVERSION = YES;
				GCC_WARN_ABOUT_RETURN_TYPE = YES_ERROR;
				GCC_WARN_UNDECLARED_SELECTOR = YES;
				GCC_WARN_UNINITIALIZED_AUTOS = YES_AGGRESSIVE;
				GCC_WARN_UNUSED_FUNCTION = YES;
				GCC_WARN_UNUSED_VARIABLE = YES;
				IPHONEOS_DEPLOYMENT_TARGET = 14.0;
				MTL_ENABLE_DEBUG_INFO = INCLUDE_SOURCE;
				MTL_FAST_MATH = YES;
				ONLY_ACTIVE_ARCH = YES;
				SDKROOT = iphoneos;
				SWIFT_ACTIVE_COMPILATION_CONDITIONS = DEBUG;
				SWIFT_OPTIMIZATION_LEVEL = "-Onone";
			};
			name = Debug;
		};
		F28DF28C25725568009CA004 /* Release */ = {
			isa = XCBuildConfiguration;
			buildSettings = {
				ALWAYS_SEARCH_USER_PATHS = NO;
				CLANG_ANALYZER_NONNULL = YES;
				CLANG_ANALYZER_NUMBER_OBJECT_CONVERSION = YES_AGGRESSIVE;
				CLANG_CXX_LANGUAGE_STANDARD = "gnu++14";
				CLANG_CXX_LIBRARY = "libc++";
				CLANG_ENABLE_MODULES = YES;
				CLANG_ENABLE_OBJC_ARC = YES;
				CLANG_ENABLE_OBJC_WEAK = YES;
				CLANG_WARN_BLOCK_CAPTURE_AUTORELEASING = YES;
				CLANG_WARN_BOOL_CONVERSION = YES;
				CLANG_WARN_COMMA = YES;
				CLANG_WARN_CONSTANT_CONVERSION = YES;
				CLANG_WARN_DEPRECATED_OBJC_IMPLEMENTATIONS = YES;
				CLANG_WARN_DIRECT_OBJC_ISA_USAGE = YES_ERROR;
				CLANG_WARN_DOCUMENTATION_COMMENTS = YES;
				CLANG_WARN_EMPTY_BODY = YES;
				CLANG_WARN_ENUM_CONVERSION = YES;
				CLANG_WARN_INFINITE_RECURSION = YES;
				CLANG_WARN_INT_CONVERSION = YES;
				CLANG_WARN_NON_LITERAL_NULL_CONVERSION = YES;
				CLANG_WARN_OBJC_IMPLICIT_RETAIN_SELF = YES;
				CLANG_WARN_OBJC_LITERAL_CONVERSION = YES;
				CLANG_WARN_OBJC_ROOT_CLASS = YES_ERROR;
				CLANG_WARN_QUOTED_INCLUDE_IN_FRAMEWORK_HEADER = YES;
				CLANG_WARN_RANGE_LOOP_ANALYSIS = YES;
				CLANG_WARN_STRICT_PROTOTYPES = YES;
				CLANG_WARN_SUSPICIOUS_MOVE = YES;
				CLANG_WARN_UNGUARDED_AVAILABILITY = YES_AGGRESSIVE;
				CLANG_WARN_UNREACHABLE_CODE = YES;
				CLANG_WARN__DUPLICATE_METHOD_MATCH = YES;
				COPY_PHASE_STRIP = NO;
				DEBUG_INFORMATION_FORMAT = "dwarf-with-dsym";
				ENABLE_NS_ASSERTIONS = NO;
				ENABLE_STRICT_OBJC_MSGSEND = YES;
				GCC_C_LANGUAGE_STANDARD = gnu11;
				GCC_NO_COMMON_BLOCKS = YES;
				GCC_WARN_64_TO_32_BIT_CONVERSION = YES;
				GCC_WARN_ABOUT_RETURN_TYPE = YES_ERROR;
				GCC_WARN_UNDECLARED_SELECTOR = YES;
				GCC_WARN_UNINITIALIZED_AUTOS = YES_AGGRESSIVE;
				GCC_WARN_UNUSED_FUNCTION = YES;
				GCC_WARN_UNUSED_VARIABLE = YES;
				IPHONEOS_DEPLOYMENT_TARGET = 14.0;
				MTL_ENABLE_DEBUG_INFO = NO;
				MTL_FAST_MATH = YES;
				SDKROOT = iphoneos;
				SWIFT_COMPILATION_MODE = wholemodule;
				SWIFT_OPTIMIZATION_LEVEL = "-O";
				VALIDATE_PRODUCT = YES;
			};
			name = Release;
		};
		F28DF28E25725568009CA004 /* Debug */ = {
			isa = XCBuildConfiguration;
			buildSettings = {
				ASSETCATALOG_COMPILER_APPICON_NAME = AppIcon;
				ASSETCATALOG_COMPILER_GLOBAL_ACCENT_COLOR_NAME = AccentColor;
				CODE_SIGN_STYLE = Automatic;
				DEVELOPMENT_ASSET_PATHS = "\"ChinaLandmark/Preview Content\"";
				DEVELOPMENT_TEAM = QWV52N85NL;
				ENABLE_PREVIEWS = YES;
				INFOPLIST_FILE = ChinaLandmark/Info.plist;
				IPHONEOS_DEPLOYMENT_TARGET = 14.0;
				LD_RUNPATH_SEARCH_PATHS = (
					"$(inherited)",
					"@executable_path/Frameworks",
				);
				PRODUCT_BUNDLE_IDENTIFIER = com.apps.ChinaLandmark;
				PRODUCT_NAME = "$(TARGET_NAME)";
				SWIFT_VERSION = 5.0;
				TARGETED_DEVICE_FAMILY = 1;
			};
			name = Debug;
		};
		F28DF28F25725568009CA004 /* Release */ = {
			isa = XCBuildConfiguration;
			buildSettings = {
				ASSETCATALOG_COMPILER_APPICON_NAME = AppIcon;
				ASSETCATALOG_COMPILER_GLOBAL_ACCENT_COLOR_NAME = AccentColor;
				CODE_SIGN_STYLE = Automatic;
				DEVELOPMENT_ASSET_PATHS = "\"ChinaLandmark/Preview Content\"";
				DEVELOPMENT_TEAM = QWV52N85NL;
				ENABLE_PREVIEWS = YES;
				INFOPLIST_FILE = ChinaLandmark/Info.plist;
				IPHONEOS_DEPLOYMENT_TARGET = 14.0;
				LD_RUNPATH_SEARCH_PATHS = (
					"$(inherited)",
					"@executable_path/Frameworks",
				);
				PRODUCT_BUNDLE_IDENTIFIER = com.apps.ChinaLandmark;
				PRODUCT_NAME = "$(TARGET_NAME)";
				SWIFT_VERSION = 5.0;
				TARGETED_DEVICE_FAMILY = 1;
			};
			name = Release;
		};
/* End XCBuildConfiguration section */

/* Begin XCConfigurationList section */
		F28DF27925725566009CA004 /* Build configuration list for PBXProject "ChinaLandmark" */ = {
			isa = XCConfigurationList;
			buildConfigurations = (
				F28DF28B25725568009CA004 /* Debug */,
				F28DF28C25725568009CA004 /* Release */,
			);
			defaultConfigurationIsVisible = 0;
			defaultConfigurationName = Debug;
		};
		F28DF28D25725568009CA004 /* Build configuration list for PBXNativeTarget "ChinaLandmark" */ = {
			isa = XCConfigurationList;
			buildConfigurations = (
				F28DF28E25725568009CA004 /* Debug */,
				F28DF28F25725568009CA004 /* Release */,
			);
			defaultConfigurationIsVisible = 0;
			defaultConfigurationName = Debug;
		};
/* End XCConfigurationList section */
	};
	rootObject = F28DF27625725566009CA004 /* Project object */;
}
